{
  "name": "simple-javascript-parser",
  "version": "1.0.0",
  "lockfileVersion": 1,
  "requires": true,
  "dependencies": {
    "@types/node": {
      "version": "14.0.5",
      "resolved": "http://r.tnpm.oa.com/@types/node/download/@types/node-14.0.5.tgz",
      "integrity": "sha1-PQOs07NBTPZ/r5ma7RFoLtEh8is="
    },
    "typescript": {
      "version": "3.9.3",
      "resolved": "http://r.tnpm.oa.com/typescript/download/typescript-3.9.3.tgz",
      "integrity": "sha1-06yIg6l8JhOeQt9ek+7s4z1hC4o=",
      "dev": true
    }
  }
}
